
Microsoft Visual Studio Solution File, Format Version 12.00
# Visual Studio Version 17
VisualStudioVersion = 17.5.33424.131
MinimumVisualStudioVersion = 10.0.40219.1
Project("{9A19103F-16F7-4668-BE54-9A1E7A4F7556}") = "WordCounter", "WordCounter.csproj", "{569695F2-AB80-49EF-A39D-A20E8F67FCAF}"
EndProject
Project("{FAE04EC0-301F-11D3-BF4B-00C04F79EFBC}") = "TestWordCounter", "..\TestWordCounter\TestWordCounter.csproj", "{13D63191-8F04-496E-92CD-870EDC18E7E7}"
EndProject
Global
	GlobalSection(SolutionConfigurationPlatforms) = preSolution
		Debug|Any CPU = Debug|Any CPU
		Release|Any CPU = Release|Any CPU
	EndGlobalSection
	GlobalSection(ProjectConfigurationPlatforms) = postSolution
		{569695F2-AB80-49EF-A39D-A20E8F67FCAF}.Debug|Any CPU.ActiveCfg = Debug|Any CPU
		{569695F2-AB80-49EF-A39D-A20E8F67FCAF}.Debug|Any CPU.Build.0 = Debug|Any CPU
		{569695F2-AB80-49EF-A39D-A20E8F67FCAF}.Release|Any CPU.ActiveCfg = Release|Any CPU
		{569695F2-AB80-49EF-A39D-A20E8F67FCAF}.Release|Any CPU.Build.0 = Release|Any CPU
		{13D63191-8F04-496E-92CD-870EDC18E7E7}.Debug|Any CPU.ActiveCfg = Debug|Any CPU
		{13D63191-8F04-496E-92CD-870EDC18E7E7}.Debug|Any CPU.Build.0 = Debug|Any CPU
		{13D63191-8F04-496E-92CD-870EDC18E7E7}.Release|Any CPU.ActiveCfg = Release|Any CPU
		{13D63191-8F04-496E-92CD-870EDC18E7E7}.Release|Any CPU.Build.0 = Release|Any CPU
	EndGlobalSection
	GlobalSection(SolutionProperties) = preSolution
		HideSolutionNode = FALSE
	EndGlobalSection
	GlobalSection(ExtensibilityGlobals) = postSolution
		SolutionGuid = {6D6D3EBE-1F59-421B-9DC2-FFE0EBB74A12}
	EndGlobalSection
EndGlobal
